
Microsoft Visual Studio Solution File, Format Version 12.00
# Visual Studio Version 16
VisualStudioVersion = 16.0.31205.134
MinimumVisualStudioVersion = 10.0.40219.1
Project("{FAE04EC0-301F-11D3-BF4B-00C04F79EFBC}") = "ReactNetFrameworkHybrid", "ReactNetFrameworkHybrid\ReactNetFrameworkHybrid.csproj", "{0B0720F0-C044-4D72-ABBF-4FCC047837C3}"
EndProject
Global
	GlobalSection(SolutionConfigurationPlatforms) = preSolution
		Debug|Any CPU = Debug|Any CPU
		Release|Any CPU = Release|Any CPU
	EndGlobalSection
	GlobalSection(ProjectConfigurationPlatforms) = postSolution
		{0B0720F0-C044-4D72-ABBF-4FCC047837C3}.Debug|Any CPU.ActiveCfg = Debug|Any CPU
		{0B0720F0-C044-4D72-ABBF-4FCC047837C3}.Debug|Any CPU.Build.0 = Debug|Any CPU
		{0B0720F0-C044-4D72-ABBF-4FCC047837C3}.Release|Any CPU.ActiveCfg = Release|Any CPU
		{0B0720F0-C044-4D72-ABBF-4FCC047837C3}.Release|Any CPU.Build.0 = Release|Any CPU
	EndGlobalSection
	GlobalSection(SolutionProperties) = preSolution
		HideSolutionNode = FALSE
	EndGlobalSection
	GlobalSection(ExtensibilityGlobals) = postSolution
		SolutionGuid = {2E824A02-E630-42A8-94B5-F29D30BE3FB3}
	EndGlobalSection
EndGlobal
